
Microsoft Visual Studio Solution File, Format Version 12.00
# Visual Studio Version 16
VisualStudioVersion = 16.0.30717.126
MinimumVisualStudioVersion = 10.0.40219.1
Project("{9A19103F-16F7-4668-BE54-9A1E7A4F7556}") = "Redgate.Lib", "Redgate.Lib\Redgate.Lib.csproj", "{EB1DD755-4C7E-4D89-B646-66BD11F4F618}"
EndProject
Project("{9A19103F-16F7-4668-BE54-9A1E7A4F7556}") = "Redgate.ConsoleApp", "Redgate.ConsoleApp\Redgate.ConsoleApp.csproj", "{35EE7474-A3D6-406C-ABAB-B32731F2A504}"
EndProject
Project("{9A19103F-16F7-4668-BE54-9A1E7A4F7556}") = "Redgate.Lib.Tests", "Redgate.Lib.Tests\Redgate.Lib.Tests.csproj", "{E5744181-FCB1-4F61-9240-980208F4954F}"
EndProject
Global
	GlobalSection(SolutionConfigurationPlatforms) = preSolution
		Debug|Any CPU = Debug|Any CPU
		Release|Any CPU = Release|Any CPU
	EndGlobalSection
	GlobalSection(ProjectConfigurationPlatforms) = postSolution
		{EB1DD755-4C7E-4D89-B646-66BD11F4F618}.Debug|Any CPU.ActiveCfg = Debug|Any CPU
		{EB1DD755-4C7E-4D89-B646-66BD11F4F618}.Debug|Any CPU.Build.0 = Debug|Any CPU
		{EB1DD755-4C7E-4D89-B646-66BD11F4F618}.Release|Any CPU.ActiveCfg = Release|Any CPU
		{EB1DD755-4C7E-4D89-B646-66BD11F4F618}.Release|Any CPU.Build.0 = Release|Any CPU
		{35EE7474-A3D6-406C-ABAB-B32731F2A504}.Debug|Any CPU.ActiveCfg = Debug|Any CPU
		{35EE7474-A3D6-406C-ABAB-B32731F2A504}.Debug|Any CPU.Build.0 = Debug|Any CPU
		{35EE7474-A3D6-406C-ABAB-B32731F2A504}.Release|Any CPU.ActiveCfg = Release|Any CPU
		{35EE7474-A3D6-406C-ABAB-B32731F2A504}.Release|Any CPU.Build.0 = Release|Any CPU
		{E5744181-FCB1-4F61-9240-980208F4954F}.Debug|Any CPU.ActiveCfg = Debug|Any CPU
		{E5744181-FCB1-4F61-9240-980208F4954F}.Debug|Any CPU.Build.0 = Debug|Any CPU
		{E5744181-FCB1-4F61-9240-980208F4954F}.Release|Any CPU.ActiveCfg = Release|Any CPU
		{E5744181-FCB1-4F61-9240-980208F4954F}.Release|Any CPU.Build.0 = Release|Any CPU
	EndGlobalSection
	GlobalSection(SolutionProperties) = preSolution
		HideSolutionNode = FALSE
	EndGlobalSection
	GlobalSection(ExtensibilityGlobals) = postSolution
		SolutionGuid = {60DC6064-A2DE-407B-8835-7E9AA9EBB92E}
	EndGlobalSection
EndGlobal
